
Microsoft Visual Studio Solution File, Format Version 12.00
# Visual Studio Version 17
VisualStudioVersion = 17.0.31717.71
MinimumVisualStudioVersion = 10.0.40219.1
Project("{9A19103F-16F7-4668-BE54-9A1E7A4F7556}") = "TabHeaderExample", "TabHeaderExample.csproj", "{C2AED55D-D6D8-4E6E-9AAD-485507B1AD7F}"
EndProject
Global
	GlobalSection(SolutionConfigurationPlatforms) = preSolution
		Debug|Any CPU = Debug|Any CPU
		Release|Any CPU = Release|Any CPU
	EndGlobalSection
	GlobalSection(ProjectConfigurationPlatforms) = postSolution
		{C2AED55D-D6D8-4E6E-9AAD-485507B1AD7F}.Debug|Any CPU.ActiveCfg = Debug|Any CPU
		{C2AED55D-D6D8-4E6E-9AAD-485507B1AD7F}.Debug|Any CPU.Build.0 = Debug|Any CPU
		{C2AED55D-D6D8-4E6E-9AAD-485507B1AD7F}.Release|Any CPU.ActiveCfg = Release|Any CPU
		{C2AED55D-D6D8-4E6E-9AAD-485507B1AD7F}.Release|Any CPU.Build.0 = Release|Any CPU
	EndGlobalSection
	GlobalSection(SolutionProperties) = preSolution
		HideSolutionNode = FALSE
	EndGlobalSection
	GlobalSection(ExtensibilityGlobals) = postSolution
		SolutionGuid = {A04C5034-A354-4015-9E00-F73BA6AF5B50}
	EndGlobalSection
EndGlobal
